
Microsoft Visual Studio Solution File, Format Version 12.00
# Visual Studio Version 16
VisualStudioVersion = 16.0.30104.148
MinimumVisualStudioVersion = 10.0.40219.1
Project("{FAE04EC0-301F-11D3-BF4B-00C04F79EFBC}") = "JOJ_Furniture", "JOJ_Furniture\JOJ_Furniture.csproj", "{81824CAE-62BE-46B2-A568-FA777A8304D3}"
EndProject
Global
	GlobalSection(SolutionConfigurationPlatforms) = preSolution
		Debug|Any CPU = Debug|Any CPU
		Release|Any CPU = Release|Any CPU
	EndGlobalSection
	GlobalSection(ProjectConfigurationPlatforms) = postSolution
		{81824CAE-62BE-46B2-A568-FA777A8304D3}.Debug|Any CPU.ActiveCfg = Debug|Any CPU
		{81824CAE-62BE-46B2-A568-FA777A8304D3}.Debug|Any CPU.Build.0 = Debug|Any CPU
		{81824CAE-62BE-46B2-A568-FA777A8304D3}.Release|Any CPU.ActiveCfg = Release|Any CPU
		{81824CAE-62BE-46B2-A568-FA777A8304D3}.Release|Any CPU.Build.0 = Release|Any CPU
	EndGlobalSection
	GlobalSection(SolutionProperties) = preSolution
		HideSolutionNode = FALSE
	EndGlobalSection
	GlobalSection(ExtensibilityGlobals) = postSolution
		SolutionGuid = {C1C5BEE0-A226-4B20-89BC-22F73158B0A4}
	EndGlobalSection
EndGlobal
